<?xml version="1.0" encoding="utf-8"?>
<Project ToolsVersion="4.0" xmlns="http://schemas.microsoft.com/developer/msbuild/2003">
  <ItemGroup>
    <ClCompile Include="..\miiomodule\IOModulBase.cpp">
      <Filter>miiomodule</Filter>
    </ClCompile>
    <ClCompile Include="Modul.cpp" />
  </ItemGroup>
  <ItemGroup>
    <ClInclude Include="..\miiomodule\IOModulBase.h">
      <Filter>miiomodule</Filter>
    </ClInclude>
    <ClInclude Include="Modul.h" />
  </ItemGroup>
  <ItemGroup>
    <Filter Include="miiomodule">
      <UniqueIdentifier>{b1383f6d-78ed-4561-a368-09d0c37f89dd}</UniqueIdentifier>
    </Filter>
  </ItemGroup>
</Project>